{
  "name": "node-service-example",
  "version": "0.0.1",
  "lockfileVersion": 3,
  "requires": true,
  "packages": {
    "": {
      "name": "node-service-example",
      "version": "0.0.1",
      "dependencies": {
        "@movogo-io/service": "../"
      },
      "engines": {
        "node": ">=24"
      }
    },
    "..": {
      "name": "@movogo-io/service",
      "version": "0.4.0",
      "license": "MIT",
      "dependencies": {
        "@movogo-io/host": "0.4.0",
        "cron": "4.4.0",
        "jose": "6.2.8"
      },
      "devDependencies": {
        "@riddance/env": "0.10.2"
      },
      "engines": {
        "node": ">=24"
      }
    },
    "node_modules/@movogo-io/service": {
      "resolved": "..",
      "link": true
    }
  }
}
